
Microsoft Visual Studio Solution File, Format Version 12.00
# Visual Studio Version 16
VisualStudioVersion = 16.0.30907.101
MinimumVisualStudioVersion = 10.0.40219.1
Project("{FAE04EC0-301F-11D3-BF4B-00C04F79EFBC}") = "cviceni3", "cviceni3\cviceni3.csproj", "{73F30F36-9666-49F5-99BC-C3CA47A146EA}"
EndProject
Global
	GlobalSection(SolutionConfigurationPlatforms) = preSolution
		Debug|Any CPU = Debug|Any CPU
		Release|Any CPU = Release|Any CPU
	EndGlobalSection
	GlobalSection(ProjectConfigurationPlatforms) = postSolution
		{73F30F36-9666-49F5-99BC-C3CA47A146EA}.Debug|Any CPU.ActiveCfg = Debug|Any CPU
		{73F30F36-9666-49F5-99BC-C3CA47A146EA}.Debug|Any CPU.Build.0 = Debug|Any CPU
		{73F30F36-9666-49F5-99BC-C3CA47A146EA}.Release|Any CPU.ActiveCfg = Release|Any CPU
		{73F30F36-9666-49F5-99BC-C3CA47A146EA}.Release|Any CPU.Build.0 = Release|Any CPU
	EndGlobalSection
	GlobalSection(SolutionProperties) = preSolution
		HideSolutionNode = FALSE
	EndGlobalSection
	GlobalSection(ExtensibilityGlobals) = postSolution
		SolutionGuid = {91397845-FE61-4F4E-A510-3106EEF92523}
	EndGlobalSection
EndGlobal
